// !$*UTF8*$!
{
	archiveVersion = 1;
	classes = {
	};
	objectVersion = 56;
	objects = {

/* Begin PBXBuildFile section */
		5720A3832CB69AD800DE4092 /* Location.swift in Sources */ = {isa = PBXBuildFile; fileRef = 5720A3822CB69AD800DE4092 /* Location.swift */; };
		5755F64E2CB53D830007F706 /* Assignment3App.swift in Sources */ = {isa = PBXBuildFile; fileRef = 5755F64D2CB53D830007F706 /* Assignment3App.swift */; };
		5755F6502CB53D830007F706 /* ContentView.swift in Sources */ = {isa = PBXBuildFile; fileRef = 5755F64F2CB53D830007F706 /* ContentView.swift */; };
		5755F6522CB53D890007F706 /* Assets.xcassets in Resources */ = {isa = PBXBuildFile; fileRef = 5755F6512CB53D890007F706 /* Assets.xcassets */; };
		5755F6552CB53D890007F706 /* Preview Assets.xcassets in Resources */ = {isa = PBXBuildFile; fileRef = 5755F6542CB53D890007F706 /* Preview Assets.xcassets */; };
		5755F65C2CB53F430007F706 /* MainView.swift in Sources */ = {isa = PBXBuildFile; fileRef = 5755F65B2CB53F430007F706 /* MainView.swift */; };
		5755F65E2CB53F770007F706 /* Dog.swift in Sources */ = {isa = PBXBuildFile; fileRef = 5755F65D2CB53F770007F706 /* Dog.swift */; };
		5755F6612CB53FB00007F706 /* DogManager.swift in Sources */ = {isa = PBXBuildFile; fileRef = 5755F6602CB53FB00007F706 /* DogManager.swift */; };
		5755F6632CB53FD50007F706 /* DogInfoView.swift in Sources */ = {isa = PBXBuildFile; fileRef = 5755F6622CB53FD40007F706 /* DogInfoView.swift */; };
		5755F6652CB53FEC0007F706 /* DogView.swift in Sources */ = {isa = PBXBuildFile; fileRef = 5755F6642CB53FEC0007F706 /* DogView.swift */; };
		5755F6692CB540230007F706 /* DogWalkModel.xcdatamodeld in Sources */ = {isa = PBXBuildFile; fileRef = 5755F6672CB540230007F706 /* DogWalkModel.xcdatamodeld */; };
		5755F66E2CB540960007F706 /* TaskEntity.swift in Sources */ = {isa = PBXBuildFile; fileRef = 5755F66D2CB540960007F706 /* TaskEntity.swift */; };
		5755F6702CB540F00007F706 /* Persistence.swift in Sources */ = {isa = PBXBuildFile; fileRef = 5755F66F2CB540EF0007F706 /* Persistence.swift */; };
		5755F6722CB541950007F706 /* TaskManager.swift in Sources */ = {isa = PBXBuildFile; fileRef = 5755F6712CB541950007F706 /* TaskManager.swift */; };
		5755F6742CB541B30007F706 /* TaskListView.swift in Sources */ = {isa = PBXBuildFile; fileRef = 5755F6732CB541B30007F706 /* TaskListView.swift */; };
		5755F6772CB5421D0007F706 /* FSCalendar in Frameworks */ = {isa = PBXBuildFile; productRef = 5755F6762CB5421D0007F706 /* FSCalendar */; };
		5755F6792CB542440007F706 /* TaskRowView.swift in Sources */ = {isa = PBXBuildFile; fileRef = 5755F6782CB542440007F706 /* TaskRowView.swift */; };
		5755F67B2CB542540007F706 /* AddTaskView.swift in Sources */ = {isa = PBXBuildFile; fileRef = 5755F67A2CB542540007F706 /* AddTaskView.swift */; };
		5755F67D2CB5426F0007F706 /* WalkDetailView.swift in Sources */ = {isa = PBXBuildFile; fileRef = 5755F67C2CB5426F0007F706 /* WalkDetailView.swift */; };
		5755F67F2CB542860007F706 /* FSCalendarView.swift in Sources */ = {isa = PBXBuildFile; fileRef = 5755F67E2CB542860007F706 /* FSCalendarView.swift */; };
		5783B54B2CBA44C700C5D88C /* RewardView.swift in Sources */ = {isa = PBXBuildFile; fileRef = 5783B54A2CBA44C600C5D88C /* RewardView.swift */; };
		5783B5502CBA5AE900C5D88C /* WeatherAPIManager.swift in Sources */ = {isa = PBXBuildFile; fileRef = 5783B54F2CBA5AE900C5D88C /* WeatherAPIManager.swift */; };
		5783B5522CBA5B1900C5D88C /* Weather.swift in Sources */ = {isa = PBXBuildFile; fileRef = 5783B5512CBA5B1900C5D88C /* Weather.swift */; };
		5783B5542CBA5B2E00C5D88C /* WeatherView.swift in Sources */ = {isa = PBXBuildFile; fileRef = 5783B5532CBA5B2E00C5D88C /* WeatherView.swift */; };
		57C5B4322CB6000C00BBF075 /* FirebaseAnalytics in Frameworks */ = {isa = PBXBuildFile; productRef = 57C5B4312CB6000C00BBF075 /* FirebaseAnalytics */; };
		57C5B4342CB6000C00BBF075 /* FirebaseAnalyticsSwift in Frameworks */ = {isa = PBXBuildFile; productRef = 57C5B4332CB6000C00BBF075 /* FirebaseAnalyticsSwift */; };
		57C5B4362CB6000C00BBF075 /* FirebaseAuth in Frameworks */ = {isa = PBXBuildFile; productRef = 57C5B4352CB6000C00BBF075 /* FirebaseAuth */; };
		57C5B4382CB6000C00BBF075 /* FirebaseFirestore in Frameworks */ = {isa = PBXBuildFile; productRef = 57C5B4372CB6000C00BBF075 /* FirebaseFirestore */; };
		57C5B43A2CB6000C00BBF075 /* FirebaseFirestoreSwift in Frameworks */ = {isa = PBXBuildFile; productRef = 57C5B4392CB6000C00BBF075 /* FirebaseFirestoreSwift */; };
		57C5B43C2CB6015600BBF075 /* GoogleService-Info.plist in Resources */ = {isa = PBXBuildFile; fileRef = 57C5B43B2CB6015400BBF075 /* GoogleService-Info.plist */; };
		57C5B43E2CB6030A00BBF075 /* FirestoreManager.swift in Sources */ = {isa = PBXBuildFile; fileRef = 57C5B43D2CB6030A00BBF075 /* FirestoreManager.swift */; };
		57C5B4412CB673E300BBF075 /* MapView.swift in Sources */ = {isa = PBXBuildFile; fileRef = 57C5B4402CB673E300BBF075 /* MapView.swift */; };
		57C5B4432CB6753600BBF075 /* LocationManager.swift in Sources */ = {isa = PBXBuildFile; fileRef = 57C5B4422CB6753600BBF075 /* LocationManager.swift */; };
		57C70D6B2CBB44C20035D7EC /* Background.swift in Sources */ = {isa = PBXBuildFile; fileRef = 57C70D6A2CBB44C20035D7EC /* Background.swift */; };
/* End PBXBuildFile section */

/* Begin PBXFileReference section */
		5720A3802CB67F2700DE4092 /* Info.plist */ = {isa = PBXFileReference; lastKnownFileType = text.plist; path = Info.plist; sourceTree = "<group>"; };
		5720A3822CB69AD800DE4092 /* Location.swift */ = {isa = PBXFileReference; lastKnownFileType = sourcecode.swift; path = Location.swift; sourceTree = "<group>"; };
		5755F64A2CB53D830007F706 /* Assignment3.app */ = {isa = PBXFileReference; explicitFileType = wrapper.application; includeInIndex = 0; path = Assignment3.app; sourceTree = BUILT_PRODUCTS_DIR; };
		5755F64D2CB53D830007F706 /* Assignment3App.swift */ = {isa = PBXFileReference; lastKnownFileType = sourcecode.swift; path = Assignment3App.swift; sourceTree = "<group>"; };
		5755F64F2CB53D830007F706 /* ContentView.swift */ = {isa = PBXFileReference; lastKnownFileType = sourcecode.swift; path = ContentView.swift; sourceTree = "<group>"; };
		5755F6512CB53D890007F706 /* Assets.xcassets */ = {isa = PBXFileReference; lastKnownFileType = folder.assetcatalog; path = Assets.xcassets; sourceTree = "<group>"; };
		5755F6542CB53D890007F706 /* Preview Assets.xcassets */ = {isa = PBXFileReference; lastKnownFileType = folder.assetcatalog; path = "Preview Assets.xcassets"; sourceTree = "<group>"; };
		5755F65B2CB53F430007F706 /* MainView.swift */ = {isa = PBXFileReference; lastKnownFileType = sourcecode.swift; path = MainView.swift; sourceTree = "<group>"; };
		5755F65D2CB53F770007F706 /* Dog.swift */ = {isa = PBXFileReference; lastKnownFileType = sourcecode.swift; path = Dog.swift; sourceTree = "<group>"; };
		5755F6602CB53FB00007F706 /* DogManager.swift */ = {isa = PBXFileReference; lastKnownFileType = sourcecode.swift; path = DogManager.swift; sourceTree = "<group>"; };
		5755F6622CB53FD40007F706 /* DogInfoView.swift */ = {isa = PBXFileReference; lastKnownFileType = sourcecode.swift; path = DogInfoView.swift; sourceTree = "<group>"; };
		5755F6642CB53FEC0007F706 /* DogView.swift */ = {isa = PBXFileReference; lastKnownFileType = sourcecode.swift; path = DogView.swift; sourceTree = "<group>"; };
		5755F6682CB540230007F706 /* DogWalkModel.xcdatamodel */ = {isa = PBXFileReference; lastKnownFileType = wrapper.xcdatamodel; path = DogWalkModel.xcdatamodel; sourceTree = "<group>"; };
		5755F66D2CB540960007F706 /* TaskEntity.swift */ = {isa = PBXFileReference; lastKnownFileType = sourcecode.swift; path = TaskEntity.swift; sourceTree = "<group>"; };
		5755F66F2CB540EF0007F706 /* Persistence.swift */ = {isa = PBXFileReference; lastKnownFileType = sourcecode.swift; path = Persistence.swift; sourceTree = "<group>"; };
		5755F6712CB541950007F706 /* TaskManager.swift */ = {isa = PBXFileReference; lastKnownFileType = sourcecode.swift; path = TaskManager.swift; sourceTree = "<group>"; };
		5755F6732CB541B30007F706 /* TaskListView.swift */ = {isa = PBXFileReference; lastKnownFileType = sourcecode.swift; path = TaskListView.swift; sourceTree = "<group>"; };
		5755F6782CB542440007F706 /* TaskRowView.swift */ = {isa = PBXFileReference; lastKnownFileType = sourcecode.swift; path = TaskRowView.swift; sourceTree = "<group>"; };
		5755F67A2CB542540007F706 /* AddTaskView.swift */ = {isa = PBXFileReference; lastKnownFileType = sourcecode.swift; path = AddTaskView.swift; sourceTree = "<group>"; };
		5755F67C2CB5426F0007F706 /* WalkDetailView.swift */ = {isa = PBXFileReference; lastKnownFileType = sourcecode.swift; path = WalkDetailView.swift; sourceTree = "<group>"; };
		5755F67E2CB542860007F706 /* FSCalendarView.swift */ = {isa = PBXFileReference; lastKnownFileType = sourcecode.swift; path = FSCalendarView.swift; sourceTree = "<group>"; };
		5783B54A2CBA44C600C5D88C /* RewardView.swift */ = {isa = PBXFileReference; lastKnownFileType = sourcecode.swift; path = RewardView.swift; sourceTree = "<group>"; };
		5783B54F2CBA5AE900C5D88C /* WeatherAPIManager.swift */ = {isa = PBXFileReference; lastKnownFileType = sourcecode.swift; path = WeatherAPIManager.swift; sourceTree = "<group>"; };
		5783B5512CBA5B1900C5D88C /* Weather.swift */ = {isa = PBXFileReference; lastKnownFileType = sourcecode.swift; path = Weather.swift; sourceTree = "<group>"; };
		5783B5532CBA5B2E00C5D88C /* WeatherView.swift */ = {isa = PBXFileReference; lastKnownFileType = sourcecode.swift; path = WeatherView.swift; sourceTree = "<group>"; };
		57C5B43B2CB6015400BBF075 /* GoogleService-Info.plist */ = {isa = PBXFileReference; fileEncoding = 4; lastKnownFileType = text.plist.xml; path = "GoogleService-Info.plist"; sourceTree = "<group>"; };
		57C5B43D2CB6030A00BBF075 /* FirestoreManager.swift */ = {isa = PBXFileReference; lastKnownFileType = sourcecode.swift; path = FirestoreManager.swift; sourceTree = "<group>"; };
		57C5B4402CB673E300BBF075 /* MapView.swift */ = {isa = PBXFileReference; lastKnownFileType = sourcecode.swift; path = MapView.swift; sourceTree = "<group>"; };
		57C5B4422CB6753600BBF075 /* LocationManager.swift */ = {isa = PBXFileReference; lastKnownFileType = sourcecode.swift; path = LocationManager.swift; sourceTree = "<group>"; };
		57C70D6A2CBB44C20035D7EC /* Background.swift */ = {isa = PBXFileReference; lastKnownFileType = sourcecode.swift; path = Background.swift; sourceTree = "<group>"; };
/* End PBXFileReference section */

/* Begin PBXFrameworksBuildPhase section */
		5755F6472CB53D830007F706 /* Frameworks */ = {
			isa = PBXFrameworksBuildPhase;
			buildActionMask = 2147483647;
			files = (
				57C5B4342CB6000C00BBF075 /* FirebaseAnalyticsSwift in Frameworks */,
				57C5B4322CB6000C00BBF075 /* FirebaseAnalytics in Frameworks */,
				5755F6772CB5421D0007F706 /* FSCalendar in Frameworks */,
				57C5B4382CB6000C00BBF075 /* FirebaseFirestore in Frameworks */,
				57C5B4362CB6000C00BBF075 /* FirebaseAuth in Frameworks */,
				57C5B43A2CB6000C00BBF075 /* FirebaseFirestoreSwift in Frameworks */,
			);
			runOnlyForDeploymentPostprocessing = 0;
		};
/* End PBXFrameworksBuildPhase section */

/* Begin PBXGroup section */
		5755F6412CB53D830007F706 = {
			isa = PBXGroup;
			children = (
				5755F64C2CB53D830007F706 /* Assignment3 */,
				5755F64B2CB53D830007F706 /* Products */,
			);
			sourceTree = "<group>";
		};
		5755F64B2CB53D830007F706 /* Products */ = {
			isa = PBXGroup;
			children = (
				5755F64A2CB53D830007F706 /* Assignment3.app */,
			);
			name = Products;
			sourceTree = "<group>";
		};
		5755F64C2CB53D830007F706 /* Assignment3 */ = {
			isa = PBXGroup;
			children = (
				5720A3802CB67F2700DE4092 /* Info.plist */,
				5755F6672CB540230007F706 /* DogWalkModel.xcdatamodeld */,
				5755F66F2CB540EF0007F706 /* Persistence.swift */,
				5755F64D2CB53D830007F706 /* Assignment3App.swift */,
				5755F64F2CB53D830007F706 /* ContentView.swift */,
				5755F65B2CB53F430007F706 /* MainView.swift */,
				57C70D6A2CBB44C20035D7EC /* Background.swift */,
				5755F65F2CB53F8B0007F706 /* Dog */,
				5755F6662CB53FF70007F706 /* Task */,
				57C5B43F2CB673C500BBF075 /* Map */,
				57CC3F192CB7E41D00B2E6D3 /* Reward */,
				5783B54E2CBA5AD400C5D88C /* Weather */,
				5755F6512CB53D890007F706 /* Assets.xcassets */,
				57C5B43B2CB6015400BBF075 /* GoogleService-Info.plist */,
				5755F6532CB53D890007F706 /* Preview Content */,
			);
			path = Assignment3;
			sourceTree = "<group>";
		};
		5755F6532CB53D890007F706 /* Preview Content */ = {
			isa = PBXGroup;
			children = (
				5755F6542CB53D890007F706 /* Preview Assets.xcassets */,
			);
			path = "Preview Content";
			sourceTree = "<group>";
		};
		5755F65F2CB53F8B0007F706 /* Dog */ = {
			isa = PBXGroup;
			children = (
				5755F65D2CB53F770007F706 /* Dog.swift */,
				5755F6602CB53FB00007F706 /* DogManager.swift */,
				5755F6622CB53FD40007F706 /* DogInfoView.swift */,
				5755F6642CB53FEC0007F706 /* DogView.swift */,
				57C5B43D2CB6030A00BBF075 /* FirestoreManager.swift */,
			);
			path = Dog;
			sourceTree = "<group>";
		};
		5755F6662CB53FF70007F706 /* Task */ = {
			isa = PBXGroup;
			children = (
				5755F66D2CB540960007F706 /* TaskEntity.swift */,
				5755F6712CB541950007F706 /* TaskManager.swift */,
				5755F6732CB541B30007F706 /* TaskListView.swift */,
				5755F6782CB542440007F706 /* TaskRowView.swift */,
				5755F67A2CB542540007F706 /* AddTaskView.swift */,
				5755F67C2CB5426F0007F706 /* WalkDetailView.swift */,
				5755F67E2CB542860007F706 /* FSCalendarView.swift */,
			);
			path = Task;
			sourceTree = "<group>";
		};
		5783B54E2CBA5AD400C5D88C /* Weather */ = {
			isa = PBXGroup;
			children = (
				5783B5512CBA5B1900C5D88C /* Weather.swift */,
				5783B54F2CBA5AE900C5D88C /* WeatherAPIManager.swift */,
				5783B5532CBA5B2E00C5D88C /* WeatherView.swift */,
			);
			path = Weather;
			sourceTree = "<group>";
		};
		57C5B43F2CB673C500BBF075 /* Map */ = {
			isa = PBXGroup;
			children = (
				57C5B4402CB673E300BBF075 /* MapView.swift */,
				5720A3822CB69AD800DE4092 /* Location.swift */,
				57C5B4422CB6753600BBF075 /* LocationManager.swift */,
			);
			path = Map;
			sourceTree = "<group>";
		};
		57CC3F192CB7E41D00B2E6D3 /* Reward */ = {
			isa = PBXGroup;
			children = (
				5783B54A2CBA44C600C5D88C /* RewardView.swift */,
			);
			path = Reward;
			sourceTree = "<group>";
		};
/* End PBXGroup section */

/* Begin PBXNativeTarget section */
		5755F6492CB53D830007F706 /* Assignment3 */ = {
			isa = PBXNativeTarget;
			buildConfigurationList = 5755F6582CB53D890007F706 /* Build configuration list for PBXNativeTarget "Assignment3" */;
			buildPhases = (
				5755F6462CB53D830007F706 /* Sources */,
				5755F6472CB53D830007F706 /* Frameworks */,
				5755F6482CB53D830007F706 /* Resources */,
			);
			buildRules = (
			);
			dependencies = (
			);
			name = Assignment3;
			packageProductDependencies = (
				5755F6762CB5421D0007F706 /* FSCalendar */,
				57C5B4312CB6000C00BBF075 /* FirebaseAnalytics */,
				57C5B4332CB6000C00BBF075 /* FirebaseAnalyticsSwift */,
				57C5B4352CB6000C00BBF075 /* FirebaseAuth */,
				57C5B4372CB6000C00BBF075 /* FirebaseFirestore */,
				57C5B4392CB6000C00BBF075 /* FirebaseFirestoreSwift */,
			);
			productName = Assignment3;
			productReference = 5755F64A2CB53D830007F706 /* Assignment3.app */;
			productType = "com.apple.product-type.application";
		};
/* End PBXNativeTarget section */

/* Begin PBXProject section */
		5755F6422CB53D830007F706 /* Project object */ = {
			isa = PBXProject;
			attributes = {
				BuildIndependentTargetsInParallel = 1;
				LastSwiftUpdateCheck = 1420;
				LastUpgradeCheck = 1420;
				TargetAttributes = {
					5755F6492CB53D830007F706 = {
						CreatedOnToolsVersion = 14.2;
					};
				};
			};
			buildConfigurationList = 5755F6452CB53D830007F706 /* Build configuration list for PBXProject "Assignment3" */;
			compatibilityVersion = "Xcode 14.0";
			developmentRegion = en;
			hasScannedForEncodings = 0;
			knownRegions = (
				en,
				Base,
			);
			mainGroup = 5755F6412CB53D830007F706;
			packageReferences = (
				5755F6752CB5421D0007F706 /* XCRemoteSwiftPackageReference "FSCalendar" */,
				57C5B4302CB6000C00BBF075 /* XCRemoteSwiftPackageReference "firebase-ios-sdk" */,
			);
			productRefGroup = 5755F64B2CB53D830007F706 /* Products */;
			projectDirPath = "";
			projectRoot = "";
			targets = (
				5755F6492CB53D830007F706 /* Assignment3 */,
			);
		};
/* End PBXProject section */

/* Begin PBXResourcesBuildPhase section */
		5755F6482CB53D830007F706 /* Resources */ = {
			isa = PBXResourcesBuildPhase;
			buildActionMask = 2147483647;
			files = (
				5755F6552CB53D890007F706 /* Preview Assets.xcassets in Resources */,
				5755F6522CB53D890007F706 /* Assets.xcassets in Resources */,
				57C5B43C2CB6015600BBF075 /* GoogleService-Info.plist in Resources */,
			);
			runOnlyForDeploymentPostprocessing = 0;
		};
/* End PBXResourcesBuildPhase section */

/* Begin PBXSourcesBuildPhase section */
		5755F6462CB53D830007F706 /* Sources */ = {
			isa = PBXSourcesBuildPhase;
			buildActionMask = 2147483647;
			files = (
				5783B5522CBA5B1900C5D88C /* Weather.swift in Sources */,
				5755F6652CB53FEC0007F706 /* DogView.swift in Sources */,
				5783B5502CBA5AE900C5D88C /* WeatherAPIManager.swift in Sources */,
				5755F67B2CB542540007F706 /* AddTaskView.swift in Sources */,
				5720A3832CB69AD800DE4092 /* Location.swift in Sources */,
				5755F67D2CB5426F0007F706 /* WalkDetailView.swift in Sources */,
				5783B54B2CBA44C700C5D88C /* RewardView.swift in Sources */,
				5755F6502CB53D830007F706 /* ContentView.swift in Sources */,
				5755F6632CB53FD50007F706 /* DogInfoView.swift in Sources */,
				5755F6722CB541950007F706 /* TaskManager.swift in Sources */,
				5755F6692CB540230007F706 /* DogWalkModel.xcdatamodeld in Sources */,
				57C5B4412CB673E300BBF075 /* MapView.swift in Sources */,
				5755F65C2CB53F430007F706 /* MainView.swift in Sources */,
				5755F6612CB53FB00007F706 /* DogManager.swift in Sources */,
				57C70D6B2CBB44C20035D7EC /* Background.swift in Sources */,
				5755F66E2CB540960007F706 /* TaskEntity.swift in Sources */,
				5783B5542CBA5B2E00C5D88C /* WeatherView.swift in Sources */,
				5755F65E2CB53F770007F706 /* Dog.swift in Sources */,
				5755F64E2CB53D830007F706 /* Assignment3App.swift in Sources */,
				5755F6792CB542440007F706 /* TaskRowView.swift in Sources */,
				5755F67F2CB542860007F706 /* FSCalendarView.swift in Sources */,
				5755F6702CB540F00007F706 /* Persistence.swift in Sources */,
				57C5B43E2CB6030A00BBF075 /* FirestoreManager.swift in Sources */,
				57C5B4432CB6753600BBF075 /* LocationManager.swift in Sources */,
				5755F6742CB541B30007F706 /* TaskListView.swift in Sources */,
			);
			runOnlyForDeploymentPostprocessing = 0;
		};
/* End PBXSourcesBuildPhase section */

/* Begin XCBuildConfiguration section */
		5755F6562CB53D890007F706 /* Debug */ = {
			isa = XCBuildConfiguration;
			buildSettings = {
				ALWAYS_SEARCH_USER_PATHS = NO;
				CLANG_ANALYZER_NONNULL = YES;
				CLANG_ANALYZER_NUMBER_OBJECT_CONVERSION = YES_AGGRESSIVE;
				CLANG_CXX_LANGUAGE_STANDARD = "gnu++20";
				CLANG_ENABLE_MODULES = YES;
				CLANG_ENABLE_OBJC_ARC = YES;
				CLANG_ENABLE_OBJC_WEAK = YES;
				CLANG_WARN_BLOCK_CAPTURE_AUTORELEASING = YES;
				CLANG_WARN_BOOL_CONVERSION = YES;
				CLANG_WARN_COMMA = YES;
				CLANG_WARN_CONSTANT_CONVERSION = YES;
				CLANG_WARN_DEPRECATED_OBJC_IMPLEMENTATIONS = YES;
				CLANG_WARN_DIRECT_OBJC_ISA_USAGE = YES_ERROR;
				CLANG_WARN_DOCUMENTATION_COMMENTS = YES;
				CLANG_WARN_EMPTY_BODY = YES;
				CLANG_WARN_ENUM_CONVERSION = YES;
				CLANG_WARN_INFINITE_RECURSION = YES;
				CLANG_WARN_INT_CONVERSION = YES;
				CLANG_WARN_NON_LITERAL_NULL_CONVERSION = YES;
				CLANG_WARN_OBJC_IMPLICIT_RETAIN_SELF = YES;
				CLANG_WARN_OBJC_LITERAL_CONVERSION = YES;
				CLANG_WARN_OBJC_ROOT_CLASS = YES_ERROR;
				CLANG_WARN_QUOTED_INCLUDE_IN_FRAMEWORK_HEADER = YES;
				CLANG_WARN_RANGE_LOOP_ANALYSIS = YES;
				CLANG_WARN_STRICT_PROTOTYPES = YES;
				CLANG_WARN_SUSPICIOUS_MOVE = YES;
				CLANG_WARN_UNGUARDED_AVAILABILITY = YES_AGGRESSIVE;
				CLANG_WARN_UNREACHABLE_CODE = YES;
				CLANG_WARN__DUPLICATE_METHOD_MATCH = YES;
				COPY_PHASE_STRIP = NO;
				DEBUG_INFORMATION_FORMAT = dwarf;
				ENABLE_STRICT_OBJC_MSGSEND = YES;
				ENABLE_TESTABILITY = YES;
				GCC_C_LANGUAGE_STANDARD = gnu11;
				GCC_DYNAMIC_NO_PIC = NO;
				GCC_NO_COMMON_BLOCKS = YES;
				GCC_OPTIMIZATION_LEVEL = 0;
				GCC_PREPROCESSOR_DEFINITIONS = (
					"DEBUG=1",
					"$(inherited)",
				);
				GCC_WARN_64_TO_32_BIT_CONVERSION = YES;
				GCC_WARN_ABOUT_RETURN_TYPE = YES_ERROR;
				GCC_WARN_UNDECLARED_SELECTOR = YES;
				GCC_WARN_UNINITIALIZED_AUTOS = YES_AGGRESSIVE;
				GCC_WARN_UNUSED_FUNCTION = YES;
				GCC_WARN_UNUSED_VARIABLE = YES;
				IPHONEOS_DEPLOYMENT_TARGET = 16.2;
				MTL_ENABLE_DEBUG_INFO = INCLUDE_SOURCE;
				MTL_FAST_MATH = YES;
				ONLY_ACTIVE_ARCH = YES;
				SDKROOT = iphoneos;
				SWIFT_ACTIVE_COMPILATION_CONDITIONS = DEBUG;
				SWIFT_OPTIMIZATION_LEVEL = "-Onone";
			};
			name = Debug;
		};
		5755F6572CB53D890007F706 /* Release */ = {
			isa = XCBuildConfiguration;
			buildSettings = {
				ALWAYS_SEARCH_USER_PATHS = NO;
				CLANG_ANALYZER_NONNULL = YES;
				CLANG_ANALYZER_NUMBER_OBJECT_CONVERSION = YES_AGGRESSIVE;
				CLANG_CXX_LANGUAGE_STANDARD = "gnu++20";
				CLANG_ENABLE_MODULES = YES;
				CLANG_ENABLE_OBJC_ARC = YES;
				CLANG_ENABLE_OBJC_WEAK = YES;
				CLANG_WARN_BLOCK_CAPTURE_AUTORELEASING = YES;
				CLANG_WARN_BOOL_CONVERSION = YES;
				CLANG_WARN_COMMA = YES;
				CLANG_WARN_CONSTANT_CONVERSION = YES;
				CLANG_WARN_DEPRECATED_OBJC_IMPLEMENTATIONS = YES;
				CLANG_WARN_DIRECT_OBJC_ISA_USAGE = YES_ERROR;
				CLANG_WARN_DOCUMENTATION_COMMENTS = YES;
				CLANG_WARN_EMPTY_BODY = YES;
				CLANG_WARN_ENUM_CONVERSION = YES;
				CLANG_WARN_INFINITE_RECURSION = YES;
				CLANG_WARN_INT_CONVERSION = YES;
				CLANG_WARN_NON_LITERAL_NULL_CONVERSION = YES;
				CLANG_WARN_OBJC_IMPLICIT_RETAIN_SELF = YES;
				CLANG_WARN_OBJC_LITERAL_CONVERSION = YES;
				CLANG_WARN_OBJC_ROOT_CLASS = YES_ERROR;
				CLANG_WARN_QUOTED_INCLUDE_IN_FRAMEWORK_HEADER = YES;
				CLANG_WARN_RANGE_LOOP_ANALYSIS = YES;
				CLANG_WARN_STRICT_PROTOTYPES = YES;
				CLANG_WARN_SUSPICIOUS_MOVE = YES;
				CLANG_WARN_UNGUARDED_AVAILABILITY = YES_AGGRESSIVE;
				CLANG_WARN_UNREACHABLE_CODE = YES;
				CLANG_WARN__DUPLICATE_METHOD_MATCH = YES;
				COPY_PHASE_STRIP = NO;
				DEBUG_INFORMATION_FORMAT = "dwarf-with-dsym";
				ENABLE_NS_ASSERTIONS = NO;
				ENABLE_STRICT_OBJC_MSGSEND = YES;
				GCC_C_LANGUAGE_STANDARD = gnu11;
				GCC_NO_COMMON_BLOCKS = YES;
				GCC_WARN_64_TO_32_BIT_CONVERSION = YES;
				GCC_WARN_ABOUT_RETURN_TYPE = YES_ERROR;
				GCC_WARN_UNDECLARED_SELECTOR = YES;
				GCC_WARN_UNINITIALIZED_AUTOS = YES_AGGRESSIVE;
				GCC_WARN_UNUSED_FUNCTION = YES;
				GCC_WARN_UNUSED_VARIABLE = YES;
				IPHONEOS_DEPLOYMENT_TARGET = 16.2;
				MTL_ENABLE_DEBUG_INFO = NO;
				MTL_FAST_MATH = YES;
				SDKROOT = iphoneos;
				SWIFT_COMPILATION_MODE = wholemodule;
				SWIFT_OPTIMIZATION_LEVEL = "-O";
				VALIDATE_PRODUCT = YES;
			};
			name = Release;
		};
		5755F6592CB53D890007F706 /* Debug */ = {
			isa = XCBuildConfiguration;
			buildSettings = {
				ASSETCATALOG_COMPILER_APPICON_NAME = AppIcon;
				ASSETCATALOG_COMPILER_GLOBAL_ACCENT_COLOR_NAME = AccentColor;
				CODE_SIGN_ENTITLEMENTS = Assignment3/Assignment3.entitlements;
				CODE_SIGN_IDENTITY = "Apple Development";
				CODE_SIGN_STYLE = Automatic;
				CURRENT_PROJECT_VERSION = 1;
				DEVELOPMENT_ASSET_PATHS = "\"Assignment3/Preview Content\"";
				DEVELOPMENT_TEAM = 785BDU9F36;
				ENABLE_PREVIEWS = YES;
				GENERATE_INFOPLIST_FILE = YES;
				INFOPLIST_FILE = Assignment3/Info.plist;
				INFOPLIST_KEY_NSLocationAlwaysAndWhenInUseUsageDescription = "We need your location to show task locations on the map.";
				INFOPLIST_KEY_NSLocationWhenInUseUsageDescription = "We need your location to show task locations on the map.";
				INFOPLIST_KEY_UIApplicationSceneManifest_Generation = YES;
				INFOPLIST_KEY_UIApplicationSupportsIndirectInputEvents = YES;
				INFOPLIST_KEY_UILaunchScreen_Generation = YES;
				INFOPLIST_KEY_UISupportedInterfaceOrientations_iPad = "UIInterfaceOrientationPortrait UIInterfaceOrientationPortraitUpsideDown UIInterfaceOrientationLandscapeLeft UIInterfaceOrientationLandscapeRight";
				INFOPLIST_KEY_UISupportedInterfaceOrientations_iPhone = "UIInterfaceOrientationPortrait UIInterfaceOrientationLandscapeLeft UIInterfaceOrientationLandscapeRight";
				LD_RUNPATH_SEARCH_PATHS = (
					"$(inherited)",
					"@executable_path/Frameworks",
				);
				MARKETING_VERSION = 1.0;
				PRODUCT_BUNDLE_IDENTIFIER = uts.Assignment3;
				PRODUCT_NAME = "$(TARGET_NAME)";
				PROVISIONING_PROFILE_SPECIFIER = "";
				SWIFT_EMIT_LOC_STRINGS = YES;
				SWIFT_VERSION = 5.0;
				TARGETED_DEVICE_FAMILY = "1,2";
			};
			name = Debug;
		};
		5755F65A2CB53D890007F706 /* Release */ = {
			isa = XCBuildConfiguration;
			buildSettings = {
				ASSETCATALOG_COMPILER_APPICON_NAME = AppIcon;
				ASSETCATALOG_COMPILER_GLOBAL_ACCENT_COLOR_NAME = AccentColor;
				CODE_SIGN_ENTITLEMENTS = Assignment3/Assignment3.entitlements;
				CODE_SIGN_IDENTITY = "Apple Development";
				CODE_SIGN_STYLE = Automatic;
				CURRENT_PROJECT_VERSION = 1;
				DEVELOPMENT_ASSET_PATHS = "\"Assignment3/Preview Content\"";
				DEVELOPMENT_TEAM = 785BDU9F36;
				ENABLE_PREVIEWS = YES;
				GENERATE_INFOPLIST_FILE = YES;
				INFOPLIST_FILE = Assignment3/Info.plist;
				INFOPLIST_KEY_NSLocationAlwaysAndWhenInUseUsageDescription = "We need your location to show task locations on the map.";
				INFOPLIST_KEY_NSLocationWhenInUseUsageDescription = "We need your location to show task locations on the map.";
				INFOPLIST_KEY_UIApplicationSceneManifest_Generation = YES;
				INFOPLIST_KEY_UIApplicationSupportsIndirectInputEvents = YES;
				INFOPLIST_KEY_UILaunchScreen_Generation = YES;
				INFOPLIST_KEY_UISupportedInterfaceOrientations_iPad = "UIInterfaceOrientationPortrait UIInterfaceOrientationPortraitUpsideDown UIInterfaceOrientationLandscapeLeft UIInterfaceOrientationLandscapeRight";
				INFOPLIST_KEY_UISupportedInterfaceOrientations_iPhone = "UIInterfaceOrientationPortrait UIInterfaceOrientationLandscapeLeft UIInterfaceOrientationLandscapeRight";
				LD_RUNPATH_SEARCH_PATHS = (
					"$(inherited)",
					"@executable_path/Frameworks",
				);
				MARKETING_VERSION = 1.0;
				PRODUCT_BUNDLE_IDENTIFIER = uts.Assignment3;
				PRODUCT_NAME = "$(TARGET_NAME)";
				PROVISIONING_PROFILE_SPECIFIER = "";
				SWIFT_EMIT_LOC_STRINGS = YES;
				SWIFT_VERSION = 5.0;
				TARGETED_DEVICE_FAMILY = "1,2";
			};
			name = Release;
		};
/* End XCBuildConfiguration section */

/* Begin XCConfigurationList section */
		5755F6452CB53D830007F706 /* Build configuration list for PBXProject "Assignment3" */ = {
			isa = XCConfigurationList;
			buildConfigurations = (
				5755F6562CB53D890007F706 /* Debug */,
				5755F6572CB53D890007F706 /* Release */,
			);
			defaultConfigurationIsVisible = 0;
			defaultConfigurationName = Release;
		};
		5755F6582CB53D890007F706 /* Build configuration list for PBXNativeTarget "Assignment3" */ = {
			isa = XCConfigurationList;
			buildConfigurations = (
				5755F6592CB53D890007F706 /* Debug */,
				5755F65A2CB53D890007F706 /* Release */,
			);
			defaultConfigurationIsVisible = 0;
			defaultConfigurationName = Release;
		};
/* End XCConfigurationList section */

/* Begin XCRemoteSwiftPackageReference section */
		5755F6752CB5421D0007F706 /* XCRemoteSwiftPackageReference "FSCalendar" */ = {
			isa = XCRemoteSwiftPackageReference;
			repositoryURL = "https://github.com/WenchaoD/FSCalendar.git";
			requirement = {
				branch = master;
				kind = branch;
			};
		};
		57C5B4302CB6000C00BBF075 /* XCRemoteSwiftPackageReference "firebase-ios-sdk" */ = {
			isa = XCRemoteSwiftPackageReference;
			repositoryURL = "https://github.com/firebase/firebase-ios-sdk";
			requirement = {
				kind = upToNextMajorVersion;
				minimumVersion = 9.0.0;
			};
		};
/* End XCRemoteSwiftPackageReference section */

/* Begin XCSwiftPackageProductDependency section */
		5755F6762CB5421D0007F706 /* FSCalendar */ = {
			isa = XCSwiftPackageProductDependency;
			package = 5755F6752CB5421D0007F706 /* XCRemoteSwiftPackageReference "FSCalendar" */;
			productName = FSCalendar;
		};
		57C5B4312CB6000C00BBF075 /* FirebaseAnalytics */ = {
			isa = XCSwiftPackageProductDependency;
			package = 57C5B4302CB6000C00BBF075 /* XCRemoteSwiftPackageReference "firebase-ios-sdk" */;
			productName = FirebaseAnalytics;
		};
		57C5B4332CB6000C00BBF075 /* FirebaseAnalyticsSwift */ = {
			isa = XCSwiftPackageProductDependency;
			package = 57C5B4302CB6000C00BBF075 /* XCRemoteSwiftPackageReference "firebase-ios-sdk" */;
			productName = FirebaseAnalyticsSwift;
		};
		57C5B4352CB6000C00BBF075 /* FirebaseAuth */ = {
			isa = XCSwiftPackageProductDependency;
			package = 57C5B4302CB6000C00BBF075 /* XCRemoteSwiftPackageReference "firebase-ios-sdk" */;
			productName = FirebaseAuth;
		};
		57C5B4372CB6000C00BBF075 /* FirebaseFirestore */ = {
			isa = XCSwiftPackageProductDependency;
			package = 57C5B4302CB6000C00BBF075 /* XCRemoteSwiftPackageReference "firebase-ios-sdk" */;
			productName = FirebaseFirestore;
		};
		57C5B4392CB6000C00BBF075 /* FirebaseFirestoreSwift */ = {
			isa = XCSwiftPackageProductDependency;
			package = 57C5B4302CB6000C00BBF075 /* XCRemoteSwiftPackageReference "firebase-ios-sdk" */;
			productName = FirebaseFirestoreSwift;
		};
/* End XCSwiftPackageProductDependency section */

/* Begin XCVersionGroup section */
		5755F6672CB540230007F706 /* DogWalkModel.xcdatamodeld */ = {
			isa = XCVersionGroup;
			children = (
				5755F6682CB540230007F706 /* DogWalkModel.xcdatamodel */,
			);
			currentVersion = 5755F6682CB540230007F706 /* DogWalkModel.xcdatamodel */;
			path = DogWalkModel.xcdatamodeld;
			sourceTree = "<group>";
			versionGroupType = wrapper.xcdatamodel;
		};
/* End XCVersionGroup section */
	};
	rootObject = 5755F6422CB53D830007F706 /* Project object */;
}
